PODS:
  - AFNetworking (3.2.1):
    - AFNetworking/NSURLSession (= 3.2.1)
    - AFNetworking/Reachability (= 3.2.1)
    - AFNetworking/Security (= 3.2.1)
    - AFNetworking/Serialization (= 3.2.1)
    - AFNetworking/UIKit (= 3.2.1)
  - AFNetworking/NSURLSession (3.2.1):
    - AFNetworking/Reachability
    - AFNetworking/Security
    - AFNetworking/Serialization
  - AFNetworking/Reachability (3.2.1)
  - AFNetworking/Security (3.2.1)
  - AFNetworking/Serialization (3.2.1)
  - AFNetworking/UIKit (3.2.1):
    - AFNetworking/NSURLSession
  - SeedStackViewController (0.4.0)

DEPENDENCIES:
  - AFNetworking
  - SeedStackViewController

SPEC REPOS:
  https://github.com/cocoapods/specs.git:
    - AFNetworking
    - SeedStackViewController

SPEC CHECKSUMS:
  AFNetworking: b6f891fdfaed196b46c7a83cf209e09697b94057
  SeedStackViewController: 45e88ca1493a610e74d661d3feced7098f72dbd3

PODFILE CHECKSUM: 526b0c89838a4bac0561d454af23dca8736bc908

COCOAPODS: 1.5.2
